<?xml version="1.0" encoding="utf-8"?>
<Project ToolsVersion="4.0" xmlns="http://schemas.microsoft.com/developer/msbuild/2003">
  <ItemGroup>
    <Filter Include="Source Files">
      <UniqueIdentifier>{4FC737F1-C7A5-4376-A066-2A32D752A2FF}</UniqueIdentifier>
      <Extensions>cpp;c;cc;cxx;c++;cppm;ixx;def;odl;idl;hpj;bat;asm;asmx</Extensions>
    </Filter>
    <Filter Include="Header Files">
      <UniqueIdentifier>{93995380-89BD-4b04-88EB-625FBE52EBFB}</UniqueIdentifier>
      <Extensions>h;hh;hpp;hxx;h++;hm;inl;inc;ipp;xsd</Extensions>
    </Filter>
    <Filter Include="Resource Files">
      <UniqueIdentifier>{67DA6AB6-F800-4c08-8B7A-83BB121AAD01}</UniqueIdentifier>
      <Extensions>rc;ico;cur;bmp;dlg;rc2;rct;bin;rgs;gif;jpg;jpeg;jpe;resx;tiff;tif;png;wav;mfcribbon-ms</Extensions>
    </Filter>
    <Filter Include="Source Files\SongSelect">
      <UniqueIdentifier>{01f376c2-6f99-4ad6-b5a0-96f10dbb79a4}</UniqueIdentifier>
    </Filter>
    <Filter Include="Source Files\Score">
      <UniqueIdentifier>{46fbf46d-4160-4ea1-8f73-9f008d29db38}</UniqueIdentifier>
    </Filter>
  </ItemGroup>
  <ItemGroup>
    <ClCompile Include="src\main.cpp">
      <Filter>Source Files</Filter>
    </ClCompile>
    <ClCompile Include="src\Supervision.cpp">
      <Filter>Source Files</Filter>
    </ClCompile>
    <ClCompile Include="src\SceneControl.cpp">
      <Filter>Source Files</Filter>
    </ClCompile>
    <ClCompile Include="src\MainConfig.cpp">
      <Filter>Source Files</Filter>
    </ClCompile>
    <ClCompile Include="src\IScene.cpp">
      <Filter>Source Files</Filter>
    </ClCompile>
    <ClCompile Include="src\SelectItemControl.cpp">
      <Filter>Source Files</Filter>
    </ClCompile>
    <ClCompile Include="src\SelectItemFactory.cpp">
      <Filter>Source Files\SongSelect</Filter>
    </ClCompile>
    <ClCompile Include="include\ISelectItem.cpp">
      <Filter>Source Files</Filter>
    </ClCompile>
    <ClCompile Include="src\MusicalScoreSelectItem.cpp">
      <Filter>Source Files\SongSelect</Filter>
    </ClCompile>
    <ClCompile Include="src\GenreSelectItem.cpp">
      <Filter>Source Files\SongSelect</Filter>
    </ClCompile>
    <ClCompile Include="src\MusicalScore.cpp">
      <Filter>Source Files\Score</Filter>
    </ClCompile>
    <ClCompile Include="src\Score.cpp">
      <Filter>Source Files\Score</Filter>
    </ClCompile>
    <ClCompile Include="src\CourseFactory.cpp">
      <Filter>Source Files\Score</Filter>
    </ClCompile>
    <ClCompile Include="src\Course.cpp">
      <Filter>Source Files\Score</Filter>
    </ClCompile>
    <ClCompile Include="src\BPM.cpp">
      <Filter>Source Files</Filter>
    </ClCompile>
    <ClCompile Include="src\Millisec.cpp">
      <Filter>Source Files</Filter>
    </ClCompile>
    <ClCompile Include="src\BranchScore.cpp">
      <Filter>Source Files</Filter>
    </ClCompile>
    <ClCompile Include="src\Note.cpp">
      <Filter>Source Files</Filter>
    </ClCompile>
    <ClCompile Include="src\Measure.cpp">
      <Filter>Source Files</Filter>
    </ClCompile>
    <ClCompile Include="src\SongSelect.cpp">
      <Filter>Source Files</Filter>
    </ClCompile>
  </ItemGroup>
  <ItemGroup>
    <ClInclude Include="include\Supervision.h">
      <Filter>Header Files</Filter>
    </ClInclude>
    <ClInclude Include="include\SceneControl.h">
      <Filter>Header Files</Filter>
    </ClInclude>
    <ClInclude Include="include\MainConfig.h">
      <Filter>Header Files</Filter>
    </ClInclude>
    <ClInclude Include="include\IScene.h">
      <Filter>Header Files</Filter>
    </ClInclude>
    <ClInclude Include="include\SelectItemControl.h">
      <Filter>Header Files</Filter>
    </ClInclude>
    <ClInclude Include="include\SelectItemFactory.h">
      <Filter>Source Files\SongSelect</Filter>
    </ClInclude>
    <ClInclude Include="include\MusicalScoreSelectItem.h">
      <Filter>Source Files\SongSelect</Filter>
    </ClInclude>
    <ClInclude Include="include\ISelectItem.h">
      <Filter>Source Files\SongSelect</Filter>
    </ClInclude>
    <ClInclude Include="include\GenreSelectItem.h">
      <Filter>Source Files\SongSelect</Filter>
    </ClInclude>
    <ClInclude Include="include\MusicalScore.h">
      <Filter>Source Files\Score</Filter>
    </ClInclude>
    <ClInclude Include="include\MusicalScoreFactory.h">
      <Filter>Source Files\Score</Filter>
    </ClInclude>
    <ClInclude Include="include\Score.h">
      <Filter>Source Files\Score</Filter>
    </ClInclude>
    <ClInclude Include="include\CourseType.h">
      <Filter>Source Files\Score</Filter>
    </ClInclude>
    <ClInclude Include="include\Course.h">
      <Filter>Source Files\Score</Filter>
    </ClInclude>
    <ClInclude Include="include\CourseFactory.h">
      <Filter>Source Files\Score</Filter>
    </ClInclude>
    <ClInclude Include="include\Millisec.h">
      <Filter>Source Files\Score</Filter>
    </ClInclude>
    <ClInclude Include="include\NoteFactory.h">
      <Filter>Header Files</Filter>
    </ClInclude>
    <ClInclude Include="include\Factory.h">
      <Filter>Header Files</Filter>
    </ClInclude>
    <ClInclude Include="include\BPM.h">
      <Filter>Header Files</Filter>
    </ClInclude>
    <ClInclude Include="include\BranchScore.h">
      <Filter>Header Files</Filter>
    </ClInclude>
    <ClInclude Include="include\Note.h">
      <Filter>Header Files</Filter>
    </ClInclude>
    <ClInclude Include="include\NoteType.h">
      <Filter>Header Files</Filter>
    </ClInclude>
    <ClInclude Include="include\ScoreInnerInfo.h">
      <Filter>Header Files</Filter>
    </ClInclude>
    <ClInclude Include="include\BranchType.h">
      <Filter>Header Files</Filter>
    </ClInclude>
    <ClInclude Include="include\Measure.h">
      <Filter>Header Files</Filter>
    </ClInclude>
    <ClInclude Include="include\Coroutine.h">
      <Filter>Header Files</Filter>
    </ClInclude>
    <ClInclude Include="include\SongSelect.h">
      <Filter>Header Files</Filter>
    </ClInclude>
  </ItemGroup>
</Project>